// !$*UTF8*$!
{
	archiveVersion = 1;
	classes = {
	};
	objectVersion = 46;
	objects = {

/* Begin PBXBuildFile section */
		320D7A521AD38AA2006F8C6C /* AppDelegate.swift in Sources */ = {isa = PBXBuildFile; fileRef = 320D7A511AD38AA2006F8C6C /* AppDelegate.swift */; };
		320D7A541AD38AA2006F8C6C /* ViewController.swift in Sources */ = {isa = PBXBuildFile; fileRef = 320D7A531AD38AA2006F8C6C /* ViewController.swift */; };
		320D7A571AD38AA2006F8C6C /* Main.storyboard in Resources */ = {isa = PBXBuildFile; fileRef = 320D7A551AD38AA2006F8C6C /* Main.storyboard */; };
		320D7A591AD38AA2006F8C6C /* Images.xcassets in Resources */ = {isa = PBXBuildFile; fileRef = 320D7A581AD38AA2006F8C6C /* Images.xcassets */; };
		320D7A5C1AD38AA2006F8C6C /* LaunchScreen.xib in Resources */ = {isa = PBXBuildFile; fileRef = 320D7A5A1AD38AA2006F8C6C /* LaunchScreen.xib */; };
		320D7A681AD38AA2006F8C6C /* TestTableViewScrollZoomTests.swift in Sources */ = {isa = PBXBuildFile; fileRef = 320D7A671AD38AA2006F8C6C /* TestTableViewScrollZoomTests.swift */; };
		32D5CB2C1AD55CE400F5BA78 /* UITableView+CellPaging.swift in Sources */ = {isa = PBXBuildFile; fileRef = 32D5CB2B1AD55CE400F5BA78 /* UITableView+CellPaging.swift */; };
/* End PBXBuildFile section */

/* Begin PBXContainerItemProxy section */
		320D7A621AD38AA2006F8C6C /* PBXContainerItemProxy */ = {
			isa = PBXContainerItemProxy;
			containerPortal = 320D7A441AD38AA2006F8C6C /* Project object */;
			proxyType = 1;
			remoteGlobalIDString = 320D7A4B1AD38AA2006F8C6C;
			remoteInfo = TestTableViewScrollZoom;
		};
/* End PBXContainerItemProxy section */

/* Begin PBXFileReference section */
		320D7A4C1AD38AA2006F8C6C /* TestTableViewScrollZoom.app */ = {isa = PBXFileReference; explicitFileType = wrapper.application; includeInIndex = 0; path = TestTableViewScrollZoom.app; sourceTree = BUILT_PRODUCTS_DIR; };
		320D7A501AD38AA2006F8C6C /* Info.plist */ = {isa = PBXFileReference; lastKnownFileType = text.plist.xml; path = Info.plist; sourceTree = "<group>"; };
		320D7A511AD38AA2006F8C6C /* AppDelegate.swift */ = {isa = PBXFileReference; lastKnownFileType = sourcecode.swift; path = AppDelegate.swift; sourceTree = "<group>"; };
		320D7A531AD38AA2006F8C6C /* ViewController.swift */ = {isa = PBXFileReference; lastKnownFileType = sourcecode.swift; path = ViewController.swift; sourceTree = "<group>"; };
		320D7A561AD38AA2006F8C6C /* Base */ = {isa = PBXFileReference; lastKnownFileType = file.storyboard; name = Base; path = Base.lproj/Main.storyboard; sourceTree = "<group>"; };
		320D7A581AD38AA2006F8C6C /* Images.xcassets */ = {isa = PBXFileReference; lastKnownFileType = folder.assetcatalog; path = Images.xcassets; sourceTree = "<group>"; };
		320D7A5B1AD38AA2006F8C6C /* Base */ = {isa = PBXFileReference; lastKnownFileType = file.xib; name = Base; path = Base.lproj/LaunchScreen.xib; sourceTree = "<group>"; };
		320D7A611AD38AA2006F8C6C /* TestTableViewScrollZoomTests.xctest */ = {isa = PBXFileReference; explicitFileType = wrapper.cfbundle; includeInIndex = 0; path = TestTableViewScrollZoomTests.xctest; sourceTree = BUILT_PRODUCTS_DIR; };
		320D7A661AD38AA2006F8C6C /* Info.plist */ = {isa = PBXFileReference; lastKnownFileType = text.plist.xml; path = Info.plist; sourceTree = "<group>"; };
		320D7A671AD38AA2006F8C6C /* TestTableViewScrollZoomTests.swift */ = {isa = PBXFileReference; lastKnownFileType = sourcecode.swift; path = TestTableViewScrollZoomTests.swift; sourceTree = "<group>"; };
		32D5CB2B1AD55CE400F5BA78 /* UITableView+CellPaging.swift */ = {isa = PBXFileReference; fileEncoding = 4; lastKnownFileType = sourcecode.swift; path = "UITableView+CellPaging.swift"; sourceTree = "<group>"; };
/* End PBXFileReference section */

/* Begin PBXFrameworksBuildPhase section */
		320D7A491AD38AA2006F8C6C /* Frameworks */ = {
			isa = PBXFrameworksBuildPhase;
			buildActionMask = 2147483647;
			files = (
			);
			runOnlyForDeploymentPostprocessing = 0;
		};
		320D7A5E1AD38AA2006F8C6C /* Frameworks */ = {
			isa = PBXFrameworksBuildPhase;
			buildActionMask = 2147483647;
			files = (
			);
			runOnlyForDeploymentPostprocessing = 0;
		};
/* End PBXFrameworksBuildPhase section */

/* Begin PBXGroup section */
		320D7A431AD38AA2006F8C6C = {
			isa = PBXGroup;
			children = (
				320D7A4E1AD38AA2006F8C6C /* TestTableViewScrollZoom */,
				320D7A641AD38AA2006F8C6C /* TestTableViewScrollZoomTests */,
				320D7A4D1AD38AA2006F8C6C /* Products */,
			);
			sourceTree = "<group>";
		};
		320D7A4D1AD38AA2006F8C6C /* Products */ = {
			isa = PBXGroup;
			children = (
				320D7A4C1AD38AA2006F8C6C /* TestTableViewScrollZoom.app */,
				320D7A611AD38AA2006F8C6C /* TestTableViewScrollZoomTests.xctest */,
			);
			name = Products;
			sourceTree = "<group>";
		};
		320D7A4E1AD38AA2006F8C6C /* TestTableViewScrollZoom */ = {
			isa = PBXGroup;
			children = (
				320D7A511AD38AA2006F8C6C /* AppDelegate.swift */,
				320D7A531AD38AA2006F8C6C /* ViewController.swift */,
				320D7A551AD38AA2006F8C6C /* Main.storyboard */,
				320D7A581AD38AA2006F8C6C /* Images.xcassets */,
				320D7A5A1AD38AA2006F8C6C /* LaunchScreen.xib */,
				320D7A4F1AD38AA2006F8C6C /* Supporting Files */,
				32D5CB2B1AD55CE400F5BA78 /* UITableView+CellPaging.swift */,
			);
			path = TestTableViewScrollZoom;
			sourceTree = "<group>";
		};
		320D7A4F1AD38AA2006F8C6C /* Supporting Files */ = {
			isa = PBXGroup;
			children = (
				320D7A501AD38AA2006F8C6C /* Info.plist */,
			);
			name = "Supporting Files";
			sourceTree = "<group>";
		};
		320D7A641AD38AA2006F8C6C /* TestTableViewScrollZoomTests */ = {
			isa = PBXGroup;
			children = (
				320D7A671AD38AA2006F8C6C /* TestTableViewScrollZoomTests.swift */,
				320D7A651AD38AA2006F8C6C /* Supporting Files */,
			);
			path = TestTableViewScrollZoomTests;
			sourceTree = "<group>";
		};
		320D7A651AD38AA2006F8C6C /* Supporting Files */ = {
			isa = PBXGroup;
			children = (
				320D7A661AD38AA2006F8C6C /* Info.plist */,
			);
			name = "Supporting Files";
			sourceTree = "<group>";
		};
/* End PBXGroup section */

/* Begin PBXNativeTarget section */
		320D7A4B1AD38AA2006F8C6C /* TestTableViewScrollZoom */ = {
			isa = PBXNativeTarget;
			buildConfigurationList = 320D7A6B1AD38AA2006F8C6C /* Build configuration list for PBXNativeTarget "TestTableViewScrollZoom" */;
			buildPhases = (
				320D7A481AD38AA2006F8C6C /* Sources */,
				320D7A491AD38AA2006F8C6C /* Frameworks */,
				320D7A4A1AD38AA2006F8C6C /* Resources */,
			);
			buildRules = (
			);
			dependencies = (
			);
			name = TestTableViewScrollZoom;
			productName = TestTableViewScrollZoom;
			productReference = 320D7A4C1AD38AA2006F8C6C /* TestTableViewScrollZoom.app */;
			productType = "com.apple.product-type.application";
		};
		320D7A601AD38AA2006F8C6C /* TestTableViewScrollZoomTests */ = {
			isa = PBXNativeTarget;
			buildConfigurationList = 320D7A6E1AD38AA2006F8C6C /* Build configuration list for PBXNativeTarget "TestTableViewScrollZoomTests" */;
			buildPhases = (
				320D7A5D1AD38AA2006F8C6C /* Sources */,
				320D7A5E1AD38AA2006F8C6C /* Frameworks */,
				320D7A5F1AD38AA2006F8C6C /* Resources */,
			);
			buildRules = (
			);
			dependencies = (
				320D7A631AD38AA2006F8C6C /* PBXTargetDependency */,
			);
			name = TestTableViewScrollZoomTests;
			productName = TestTableViewScrollZoomTests;
			productReference = 320D7A611AD38AA2006F8C6C /* TestTableViewScrollZoomTests.xctest */;
			productType = "com.apple.product-type.bundle.unit-test";
		};
/* End PBXNativeTarget section */

/* Begin PBXProject section */
		320D7A441AD38AA2006F8C6C /* Project object */ = {
			isa = PBXProject;
			attributes = {
				LastUpgradeCheck = 0610;
				ORGANIZATIONNAME = "Paul Von Schrottky";
				TargetAttributes = {
					320D7A4B1AD38AA2006F8C6C = {
						CreatedOnToolsVersion = 6.1.1;
					};
					320D7A601AD38AA2006F8C6C = {
						CreatedOnToolsVersion = 6.1.1;
						TestTargetID = 320D7A4B1AD38AA2006F8C6C;
					};
				};
			};
			buildConfigurationList = 320D7A471AD38AA2006F8C6C /* Build configuration list for PBXProject "TestTableViewScrollZoom" */;
			compatibilityVersion = "Xcode 3.2";
			developmentRegion = English;
			hasScannedForEncodings = 0;
			knownRegions = (
				en,
				Base,
			);
			mainGroup = 320D7A431AD38AA2006F8C6C;
			productRefGroup = 320D7A4D1AD38AA2006F8C6C /* Products */;
			projectDirPath = "";
			projectRoot = "";
			targets = (
				320D7A4B1AD38AA2006F8C6C /* TestTableViewScrollZoom */,
				320D7A601AD38AA2006F8C6C /* TestTableViewScrollZoomTests */,
			);
		};
/* End PBXProject section */

/* Begin PBXResourcesBuildPhase section */
		320D7A4A1AD38AA2006F8C6C /* Resources */ = {
			isa = PBXResourcesBuildPhase;
			buildActionMask = 2147483647;
			files = (
				320D7A571AD38AA2006F8C6C /* Main.storyboard in Resources */,
				320D7A5C1AD38AA2006F8C6C /* LaunchScreen.xib in Resources */,
				320D7A591AD38AA2006F8C6C /* Images.xcassets in Resources */,
			);
			runOnlyForDeploymentPostprocessing = 0;
		};
		320D7A5F1AD38AA2006F8C6C /* Resources */ = {
			isa = PBXResourcesBuildPhase;
			buildActionMask = 2147483647;
			files = (
			);
			runOnlyForDeploymentPostprocessing = 0;
		};
/* End PBXResourcesBuildPhase section */

/* Begin PBXSourcesBuildPhase section */
		320D7A481AD38AA2006F8C6C /* Sources */ = {
			isa = PBXSourcesBuildPhase;
			buildActionMask = 2147483647;
			files = (
				32D5CB2C1AD55CE400F5BA78 /* UITableView+CellPaging.swift in Sources */,
				320D7A541AD38AA2006F8C6C /* ViewController.swift in Sources */,
				320D7A521AD38AA2006F8C6C /* AppDelegate.swift in Sources */,
			);
			runOnlyForDeploymentPostprocessing = 0;
		};
		320D7A5D1AD38AA2006F8C6C /* Sources */ = {
			isa = PBXSourcesBuildPhase;
			buildActionMask = 2147483647;
			files = (
				320D7A681AD38AA2006F8C6C /* TestTableViewScrollZoomTests.swift in Sources */,
			);
			runOnlyForDeploymentPostprocessing = 0;
		};
/* End PBXSourcesBuildPhase section */

/* Begin PBXTargetDependency section */
		320D7A631AD38AA2006F8C6C /* PBXTargetDependency */ = {
			isa = PBXTargetDependency;
			target = 320D7A4B1AD38AA2006F8C6C /* TestTableViewScrollZoom */;
			targetProxy = 320D7A621AD38AA2006F8C6C /* PBXContainerItemProxy */;
		};
/* End PBXTargetDependency section */

/* Begin PBXVariantGroup section */
		320D7A551AD38AA2006F8C6C /* Main.storyboard */ = {
			isa = PBXVariantGroup;
			children = (
				320D7A561AD38AA2006F8C6C /* Base */,
			);
			name = Main.storyboard;
			sourceTree = "<group>";
		};
		320D7A5A1AD38AA2006F8C6C /* LaunchScreen.xib */ = {
			isa = PBXVariantGroup;
			children = (
				320D7A5B1AD38AA2006F8C6C /* Base */,
			);
			name = LaunchScreen.xib;
			sourceTree = "<group>";
		};
/* End PBXVariantGroup section */

/* Begin XCBuildConfiguration section */
		320D7A691AD38AA2006F8C6C /* Debug */ = {
			isa = XCBuildConfiguration;
			buildSettings = {
				ALWAYS_SEARCH_USER_PATHS = NO;
				CLANG_CXX_LANGUAGE_STANDARD = "gnu++0x";
				CLANG_CXX_LIBRARY = "libc++";
				CLANG_ENABLE_MODULES = YES;
				CLANG_ENABLE_OBJC_ARC = YES;
				CLANG_WARN_BOOL_CONVERSION = YES;
				CLANG_WARN_CONSTANT_CONVERSION = YES;
				CLANG_WARN_DIRECT_OBJC_ISA_USAGE = YES_ERROR;
				CLANG_WARN_EMPTY_BODY = YES;
				CLANG_WARN_ENUM_CONVERSION = YES;
				CLANG_WARN_INT_CONVERSION = YES;
				CLANG_WARN_OBJC_ROOT_CLASS = YES_ERROR;
				CLANG_WARN_UNREACHABLE_CODE = YES;
				CLANG_WARN__DUPLICATE_METHOD_MATCH = YES;
				"CODE_SIGN_IDENTITY[sdk=iphoneos*]" = "iPhone Developer";
				COPY_PHASE_STRIP = NO;
				ENABLE_STRICT_OBJC_MSGSEND = YES;
				GCC_C_LANGUAGE_STANDARD = gnu99;
				GCC_DYNAMIC_NO_PIC = NO;
				GCC_OPTIMIZATION_LEVEL = 0;
				GCC_PREPROCESSOR_DEFINITIONS = (
					"DEBUG=1",
					"$(inherited)",
				);
				GCC_SYMBOLS_PRIVATE_EXTERN = NO;
				GCC_WARN_64_TO_32_BIT_CONVERSION = YES;
				GCC_WARN_ABOUT_RETURN_TYPE = YES_ERROR;
				GCC_WARN_UNDECLARED_SELECTOR = YES;
				GCC_WARN_UNINITIALIZED_AUTOS = YES_AGGRESSIVE;
				GCC_WARN_UNUSED_FUNCTION = YES;
				GCC_WARN_UNUSED_VARIABLE = YES;
				IPHONEOS_DEPLOYMENT_TARGET = 8.1;
				MTL_ENABLE_DEBUG_INFO = YES;
				ONLY_ACTIVE_ARCH = YES;
				SDKROOT = iphoneos;
				SWIFT_OPTIMIZATION_LEVEL = "-Onone";
				TARGETED_DEVICE_FAMILY = "1,2";
			};
			name = Debug;
		};
		320D7A6A1AD38AA2006F8C6C /* Release */ = {
			isa = XCBuildConfiguration;
			buildSettings = {
				ALWAYS_SEARCH_USER_PATHS = NO;
				CLANG_CXX_LANGUAGE_STANDARD = "gnu++0x";
				CLANG_CXX_LIBRARY = "libc++";
				CLANG_ENABLE_MODULES = YES;
				CLANG_ENABLE_OBJC_ARC = YES;
				CLANG_WARN_BOOL_CONVERSION = YES;
				CLANG_WARN_CONSTANT_CONVERSION = YES;
				CLANG_WARN_DIRECT_OBJC_ISA_USAGE = YES_ERROR;
				CLANG_WARN_EMPTY_BODY = YES;
				CLANG_WARN_ENUM_CONVERSION = YES;
				CLANG_WARN_INT_CONVERSION = YES;
				CLANG_WARN_OBJC_ROOT_CLASS = YES_ERROR;
				CLANG_WARN_UNREACHABLE_CODE = YES;
				CLANG_WARN__DUPLICATE_METHOD_MATCH = YES;
				"CODE_SIGN_IDENTITY[sdk=iphoneos*]" = "iPhone Developer";
				COPY_PHASE_STRIP = YES;
				ENABLE_NS_ASSERTIONS = NO;
				ENABLE_STRICT_OBJC_MSGSEND = YES;
				GCC_C_LANGUAGE_STANDARD = gnu99;
				GCC_WARN_64_TO_32_BIT_CONVERSION = YES;
				GCC_WARN_ABOUT_RETURN_TYPE = YES_ERROR;
				GCC_WARN_UNDECLARED_SELECTOR = YES;
				GCC_WARN_UNINITIALIZED_AUTOS = YES_AGGRESSIVE;
				GCC_WARN_UNUSED_FUNCTION = YES;
				GCC_WARN_UNUSED_VARIABLE = YES;
				IPHONEOS_DEPLOYMENT_TARGET = 8.1;
				MTL_ENABLE_DEBUG_INFO = NO;
				SDKROOT = iphoneos;
				TARGETED_DEVICE_FAMILY = "1,2";
				VALIDATE_PRODUCT = YES;
			};
			name = Release;
		};
		320D7A6C1AD38AA2006F8C6C /* Debug */ = {
			isa = XCBuildConfiguration;
			buildSettings = {
				ASSETCATALOG_COMPILER_APPICON_NAME = AppIcon;
				INFOPLIST_FILE = TestTableViewScrollZoom/Info.plist;
				LD_RUNPATH_SEARCH_PATHS = "$(inherited) @executable_path/Frameworks";
				PRODUCT_NAME = "$(TARGET_NAME)";
			};
			name = Debug;
		};
		320D7A6D1AD38AA2006F8C6C /* Release */ = {
			isa = XCBuildConfiguration;
			buildSettings = {
				ASSETCATALOG_COMPILER_APPICON_NAME = AppIcon;
				INFOPLIST_FILE = TestTableViewScrollZoom/Info.plist;
				LD_RUNPATH_SEARCH_PATHS = "$(inherited) @executable_path/Frameworks";
				PRODUCT_NAME = "$(TARGET_NAME)";
			};
			name = Release;
		};
		320D7A6F1AD38AA2006F8C6C /* Debug */ = {
			isa = XCBuildConfiguration;
			buildSettings = {
				BUNDLE_LOADER = "$(TEST_HOST)";
				FRAMEWORK_SEARCH_PATHS = (
					"$(SDKROOT)/Developer/Library/Frameworks",
					"$(inherited)",
				);
				GCC_PREPROCESSOR_DEFINITIONS = (
					"DEBUG=1",
					"$(inherited)",
				);
				INFOPLIST_FILE = TestTableViewScrollZoomTests/Info.plist;
				LD_RUNPATH_SEARCH_PATHS = "$(inherited) @executable_path/Frameworks @loader_path/Frameworks";
				PRODUCT_NAME = "$(TARGET_NAME)";
				TEST_HOST = "$(BUILT_PRODUCTS_DIR)/TestTableViewScrollZoom.app/TestTableViewScrollZoom";
			};
			name = Debug;
		};
		320D7A701AD38AA2006F8C6C /* Release */ = {
			isa = XCBuildConfiguration;
			buildSettings = {
				BUNDLE_LOADER = "$(TEST_HOST)";
				FRAMEWORK_SEARCH_PATHS = (
					"$(SDKROOT)/Developer/Library/Frameworks",
					"$(inherited)",
				);
				INFOPLIST_FILE = TestTableViewScrollZoomTests/Info.plist;
				LD_RUNPATH_SEARCH_PATHS = "$(inherited) @executable_path/Frameworks @loader_path/Frameworks";
				PRODUCT_NAME = "$(TARGET_NAME)";
				TEST_HOST = "$(BUILT_PRODUCTS_DIR)/TestTableViewScrollZoom.app/TestTableViewScrollZoom";
			};
			name = Release;
		};
/* End XCBuildConfiguration section */

/* Begin XCConfigurationList section */
		320D7A471AD38AA2006F8C6C /* Build configuration list for PBXProject "TestTableViewScrollZoom" */ = {
			isa = XCConfigurationList;
			buildConfigurations = (
				320D7A691AD38AA2006F8C6C /* Debug */,
				320D7A6A1AD38AA2006F8C6C /* Release */,
			);
			defaultConfigurationIsVisible = 0;
			defaultConfigurationName = Release;
		};
		320D7A6B1AD38AA2006F8C6C /* Build configuration list for PBXNativeTarget "TestTableViewScrollZoom" */ = {
			isa = XCConfigurationList;
			buildConfigurations = (
				320D7A6C1AD38AA2006F8C6C /* Debug */,
				320D7A6D1AD38AA2006F8C6C /* Release */,
			);
			defaultConfigurationIsVisible = 0;
			defaultConfigurationName = Release;
		};
		320D7A6E1AD38AA2006F8C6C /* Build configuration list for PBXNativeTarget "TestTableViewScrollZoomTests" */ = {
			isa = XCConfigurationList;
			buildConfigurations = (
				320D7A6F1AD38AA2006F8C6C /* Debug */,
				320D7A701AD38AA2006F8C6C /* Release */,
			);
			defaultConfigurationIsVisible = 0;
			defaultConfigurationName = Release;
		};
/* End XCConfigurationList section */
	};
	rootObject = 320D7A441AD38AA2006F8C6C /* Project object */;
}
